
Microsoft Visual Studio Solution File, Format Version 12.00
# Visual Studio 14
VisualStudioVersion = 14.0.25420.1
MinimumVisualStudioVersion = 10.0.40219.1
Project("{FAE04EC0-301F-11D3-BF4B-00C04F79EFBC}") = "AppMeiko", "AppMeiko\AppMeiko.csproj", "{C416E7DD-9D51-439E-B217-3073CB788C9B}"
EndProject
Project("{FAE04EC0-301F-11D3-BF4B-00C04F79EFBC}") = "ConsoleApplication1", "ConsoleApplication1\ConsoleApplication1.csproj", "{21FFF753-981C-49FE-8705-EBEEABBD056E}"
EndProject
Project("{FAE04EC0-301F-11D3-BF4B-00C04F79EFBC}") = "SendMail", "SendMail\SendMail.csproj", "{C4C8F70A-1BA2-4D2B-A87A-BBAC26134E6D}"
EndProject
Global
	GlobalSection(SolutionConfigurationPlatforms) = preSolution
		Debug|Any CPU = Debug|Any CPU
		Release|Any CPU = Release|Any CPU
	EndGlobalSection
	GlobalSection(ProjectConfigurationPlatforms) = postSolution
		{C416E7DD-9D51-439E-B217-3073CB788C9B}.Debug|Any CPU.ActiveCfg = Debug|Any CPU
		{C416E7DD-9D51-439E-B217-3073CB788C9B}.Debug|Any CPU.Build.0 = Debug|Any CPU
		{C416E7DD-9D51-439E-B217-3073CB788C9B}.Release|Any CPU.ActiveCfg = Release|Any CPU
		{C416E7DD-9D51-439E-B217-3073CB788C9B}.Release|Any CPU.Build.0 = Release|Any CPU
		{21FFF753-981C-49FE-8705-EBEEABBD056E}.Debug|Any CPU.ActiveCfg = Debug|Any CPU
		{21FFF753-981C-49FE-8705-EBEEABBD056E}.Debug|Any CPU.Build.0 = Debug|Any CPU
		{21FFF753-981C-49FE-8705-EBEEABBD056E}.Release|Any CPU.ActiveCfg = Release|Any CPU
		{21FFF753-981C-49FE-8705-EBEEABBD056E}.Release|Any CPU.Build.0 = Release|Any CPU
		{C4C8F70A-1BA2-4D2B-A87A-BBAC26134E6D}.Debug|Any CPU.ActiveCfg = Debug|Any CPU
		{C4C8F70A-1BA2-4D2B-A87A-BBAC26134E6D}.Debug|Any CPU.Build.0 = Debug|Any CPU
		{C4C8F70A-1BA2-4D2B-A87A-BBAC26134E6D}.Release|Any CPU.ActiveCfg = Release|Any CPU
		{C4C8F70A-1BA2-4D2B-A87A-BBAC26134E6D}.Release|Any CPU.Build.0 = Release|Any CPU
	EndGlobalSection
	GlobalSection(SolutionProperties) = preSolution
		HideSolutionNode = FALSE
	EndGlobalSection
EndGlobal
